<?xml version="1.0" encoding="utf-8"?>
<Project ToolsVersion="4.0" xmlns="http://schemas.microsoft.com/developer/msbuild/2003">
  <ItemGroup>
    <Filter Include="Source Files">
      <UniqueIdentifier>{4FC737F1-C7A5-4376-A066-2A32D752A2FF}</UniqueIdentifier>
      <Extensions>cpp;c;cxx;def;odl;idl;hpj;bat;asm;asmx</Extensions>
    </Filter>
    <Filter Include="Resource Files">
      <UniqueIdentifier>{67DA6AB6-F800-4c08-8B7A-83BB121AAD01}</UniqueIdentifier>
      <Extensions>rc;ico;cur;bmp;dlg;rc2;rct;bin;rgs;gif;jpg;jpeg;jpe;resx</Extensions>
    </Filter>
    <Filter Include="Header Files">
      <UniqueIdentifier>{93995380-89BD-4b04-88EB-625FBE52EBFB}</UniqueIdentifier>
      <Extensions>h;hpp;hxx;hm;inl;inc;xsd</Extensions>
    </Filter>
    <Filter Include="Header Files\HL2SDK">
      <UniqueIdentifier>{a163b337-ef0e-45e0-80f5-9889dc4580f9}</UniqueIdentifier>
    </Filter>
  </ItemGroup>
  <ItemGroup>
    <ClCompile Include="cp-demangle.cpp">
      <Filter>Source Files</Filter>
    </ClCompile>
    <ClCompile Include="cp-demint.cpp">
      <Filter>Source Files</Filter>
    </ClCompile>
    <ClCompile Include="cplus-dem.cpp">
      <Filter>Source Files</Filter>
    </ClCompile>
    <ClCompile Include="CSigManager.cpp">
      <Filter>Source Files</Filter>
    </ClCompile>
    <ClCompile Include="css_offsets.cpp">
      <Filter>Source Files</Filter>
    </ClCompile>
    <ClCompile Include="cvars.cpp">
      <Filter>Source Files</Filter>
    </ClCompile>
    <ClCompile Include="Events.cpp">
      <Filter>Source Files</Filter>
    </ClCompile>
    <ClCompile Include="mathlib.cpp">
      <Filter>Source Files</Filter>
    </ClCompile>
    <ClCompile Include="MRecipients.cpp">
      <Filter>Source Files</Filter>
    </ClCompile>
    <ClCompile Include="myutils.cpp">
      <Filter>Source Files</Filter>
    </ClCompile>
    <ClCompile Include="safe-ctype.cpp">
      <Filter>Source Files</Filter>
    </ClCompile>
    <ClCompile Include="SDK.cpp">
      <Filter>Source Files</Filter>
    </ClCompile>
    <ClCompile Include="sm_trie.cpp">
      <Filter>Source Files</Filter>
    </ClCompile>
    <ClCompile Include="VFunc.cpp">
      <Filter>Source Files</Filter>
    </ClCompile>
    <ClCompile Include="xmalloc.cpp">
      <Filter>Source Files</Filter>
    </ClCompile>
    <ClCompile Include="xstrdup.cpp">
      <Filter>Source Files</Filter>
    </ClCompile>
    <ClCompile Include="zm_linuxutils.cpp">
      <Filter>Source Files</Filter>
    </ClCompile>
    <ClCompile Include="zm_memory.cpp">
      <Filter>Source Files</Filter>
    </ClCompile>
    <ClCompile Include="ZM_Util.cpp">
      <Filter>Source Files</Filter>
    </ClCompile>
    <ClCompile Include="ZMClass.cpp">
      <Filter>Source Files</Filter>
    </ClCompile>
    <ClCompile Include="ZMPlayer.cpp">
      <Filter>Source Files</Filter>
    </ClCompile>
    <ClCompile Include="ZombiePlugin.cpp">
      <Filter>Source Files</Filter>
    </ClCompile>
  </ItemGroup>
  <ItemGroup>
    <ResourceCompile Include="Version.rc">
      <Filter>Resource Files</Filter>
    </ResourceCompile>
  </ItemGroup>
  <ItemGroup>
    <ClInclude Include="ansidecl.h">
      <Filter>Header Files</Filter>
    </ClInclude>
    <ClInclude Include="cp-demangle.h">
      <Filter>Header Files</Filter>
    </ClInclude>
    <ClInclude Include="cs_weapon_parse.h">
      <Filter>Header Files</Filter>
    </ClInclude>
    <ClInclude Include="CSigManager.h">
      <Filter>Header Files</Filter>
    </ClInclude>
    <ClInclude Include="css_offsets.h">
      <Filter>Header Files</Filter>
    </ClInclude>
    <ClInclude Include="CTakeDamageInfo.h">
      <Filter>Header Files</Filter>
    </ClInclude>
    <ClInclude Include="cvars.h">
      <Filter>Header Files</Filter>
    </ClInclude>
    <ClInclude Include="demangle.h">
      <Filter>Header Files</Filter>
    </ClInclude>
    <ClInclude Include="Events.h">
      <Filter>Header Files</Filter>
    </ClInclude>
    <ClInclude Include="libiberty.h">
      <Filter>Header Files</Filter>
    </ClInclude>
    <ClInclude Include="meta_hooks.h">
      <Filter>Header Files</Filter>
    </ClInclude>
    <ClInclude Include="MRecipients.h">
      <Filter>Header Files</Filter>
    </ClInclude>
    <ClInclude Include="myutils.h">
      <Filter>Header Files</Filter>
    </ClInclude>
    <ClInclude Include="resource.h">
      <Filter>Header Files</Filter>
    </ClInclude>
    <ClInclude Include="safe-ctype.h">
      <Filter>Header Files</Filter>
    </ClInclude>
    <ClInclude Include="sm_trie.h">
      <Filter>Header Files</Filter>
    </ClInclude>
    <ClInclude Include="Timers.h">
      <Filter>Header Files</Filter>
    </ClInclude>
    <ClInclude Include="VFunc.h">
      <Filter>Header Files</Filter>
    </ClInclude>
    <ClInclude Include="weapon_csbase.h">
      <Filter>Header Files</Filter>
    </ClInclude>
    <ClInclude Include="zm_includesdk.h">
      <Filter>Header Files</Filter>
    </ClInclude>
    <ClInclude Include="zm_linuxutils.h">
      <Filter>Header Files</Filter>
    </ClInclude>
    <ClInclude Include="zm_memory.h">
      <Filter>Header Files</Filter>
    </ClInclude>
    <ClInclude Include="ZM_Util.h">
      <Filter>Header Files</Filter>
    </ClInclude>
    <ClInclude Include="ZMClass.h">
      <Filter>Header Files</Filter>
    </ClInclude>
    <ClInclude Include="ZMPlayer.h">
      <Filter>Header Files</Filter>
    </ClInclude>
    <ClInclude Include="ZombiePlugin.h">
      <Filter>Header Files</Filter>
    </ClInclude>
  </ItemGroup>
  <ItemGroup>
    <CustomBuild Include="cstrike\addons\zombiemod\ChangeLog.txt">
      <Filter>Resource Files</Filter>
    </CustomBuild>
    <CustomBuild Include="Makefile">
      <Filter>Resource Files</Filter>
    </CustomBuild>
    <CustomBuild Include="TODO.txt">
      <Filter>Resource Files</Filter>
    </CustomBuild>
  </ItemGroup>
</Project>